
Microsoft Visual Studio Solution File, Format Version 12.00
# Visual Studio Version 16
VisualStudioVersion = 16.0.30002.166
MinimumVisualStudioVersion = 10.0.40219.1
Project("{FAE04EC0-301F-11D3-BF4B-00C04F79EFBC}") = "Tugas CRUD", "Tugas CRUD\Tugas CRUD.csproj", "{B68C75E9-8579-4E05-856C-A128F958DC4D}"
EndProject
Global
	GlobalSection(SolutionConfigurationPlatforms) = preSolution
		Debug|Any CPU = Debug|Any CPU
		Release|Any CPU = Release|Any CPU
	EndGlobalSection
	GlobalSection(ProjectConfigurationPlatforms) = postSolution
		{B68C75E9-8579-4E05-856C-A128F958DC4D}.Debug|Any CPU.ActiveCfg = Debug|Any CPU
		{B68C75E9-8579-4E05-856C-A128F958DC4D}.Debug|Any CPU.Build.0 = Debug|Any CPU
		{B68C75E9-8579-4E05-856C-A128F958DC4D}.Release|Any CPU.ActiveCfg = Release|Any CPU
		{B68C75E9-8579-4E05-856C-A128F958DC4D}.Release|Any CPU.Build.0 = Release|Any CPU
	EndGlobalSection
	GlobalSection(SolutionProperties) = preSolution
		HideSolutionNode = FALSE
	EndGlobalSection
	GlobalSection(ExtensibilityGlobals) = postSolution
		SolutionGuid = {0BE7B283-9688-4DF6-A7F7-4EA182E384C9}
	EndGlobalSection
EndGlobal
